
Microsoft Visual Studio Solution File, Format Version 12.00
# Visual Studio Version 17
VisualStudioVersion = 17.4.33205.214
MinimumVisualStudioVersion = 10.0.40219.1
Project("{9A19103F-16F7-4668-BE54-9A1E7A4F7556}") = "Holidays.API", "Holidays.API\Holidays.API.csproj", "{5E15C260-9296-4660-AA6C-4A09FA237E46}"
EndProject
Project("{9A19103F-16F7-4668-BE54-9A1E7A4F7556}") = "Holidays.Application", "Holidays.Application\Holidays.Application.csproj", "{A39E6586-9F4A-47FA-95FE-57CEB40F53BF}"
EndProject
Project("{9A19103F-16F7-4668-BE54-9A1E7A4F7556}") = "Holidays.Domain", "Holidays.Domain\Holidays.Domain.csproj", "{22CB07E3-4469-4BB0-8BFB-606041539364}"
EndProject
Project("{9A19103F-16F7-4668-BE54-9A1E7A4F7556}") = "Holidays.Infrastructure.Data", "Holidays.Infrastructure.Data\Holidays.Infrastructure.Data.csproj", "{E04F0BC2-A30D-4CAF-BF68-F14032FA5A9E}"
EndProject
Project("{FAE04EC0-301F-11D3-BF4B-00C04F79EFBC}") = "Holidays.Infrastructure.ExternalService", "Holidays.Infrastructure.Operations\Holidays.Infrastructure.ExternalService.csproj", "{D896D8B0-487A-4F0F-9F3C-CD4C8D9F45CA}"
EndProject
Global
	GlobalSection(SolutionConfigurationPlatforms) = preSolution
		Debug|Any CPU = Debug|Any CPU
		Release|Any CPU = Release|Any CPU
	EndGlobalSection
	GlobalSection(ProjectConfigurationPlatforms) = postSolution
		{5E15C260-9296-4660-AA6C-4A09FA237E46}.Debug|Any CPU.ActiveCfg = Debug|Any CPU
		{5E15C260-9296-4660-AA6C-4A09FA237E46}.Debug|Any CPU.Build.0 = Debug|Any CPU
		{5E15C260-9296-4660-AA6C-4A09FA237E46}.Release|Any CPU.ActiveCfg = Release|Any CPU
		{5E15C260-9296-4660-AA6C-4A09FA237E46}.Release|Any CPU.Build.0 = Release|Any CPU
		{A39E6586-9F4A-47FA-95FE-57CEB40F53BF}.Debug|Any CPU.ActiveCfg = Debug|Any CPU
		{A39E6586-9F4A-47FA-95FE-57CEB40F53BF}.Debug|Any CPU.Build.0 = Debug|Any CPU
		{A39E6586-9F4A-47FA-95FE-57CEB40F53BF}.Release|Any CPU.ActiveCfg = Release|Any CPU
		{A39E6586-9F4A-47FA-95FE-57CEB40F53BF}.Release|Any CPU.Build.0 = Release|Any CPU
		{22CB07E3-4469-4BB0-8BFB-606041539364}.Debug|Any CPU.ActiveCfg = Debug|Any CPU
		{22CB07E3-4469-4BB0-8BFB-606041539364}.Debug|Any CPU.Build.0 = Debug|Any CPU
		{22CB07E3-4469-4BB0-8BFB-606041539364}.Release|Any CPU.ActiveCfg = Release|Any CPU
		{22CB07E3-4469-4BB0-8BFB-606041539364}.Release|Any CPU.Build.0 = Release|Any CPU
		{E04F0BC2-A30D-4CAF-BF68-F14032FA5A9E}.Debug|Any CPU.ActiveCfg = Debug|Any CPU
		{E04F0BC2-A30D-4CAF-BF68-F14032FA5A9E}.Debug|Any CPU.Build.0 = Debug|Any CPU
		{E04F0BC2-A30D-4CAF-BF68-F14032FA5A9E}.Release|Any CPU.ActiveCfg = Release|Any CPU
		{E04F0BC2-A30D-4CAF-BF68-F14032FA5A9E}.Release|Any CPU.Build.0 = Release|Any CPU
		{D896D8B0-487A-4F0F-9F3C-CD4C8D9F45CA}.Debug|Any CPU.ActiveCfg = Debug|Any CPU
		{D896D8B0-487A-4F0F-9F3C-CD4C8D9F45CA}.Debug|Any CPU.Build.0 = Debug|Any CPU
		{D896D8B0-487A-4F0F-9F3C-CD4C8D9F45CA}.Release|Any CPU.ActiveCfg = Release|Any CPU
		{D896D8B0-487A-4F0F-9F3C-CD4C8D9F45CA}.Release|Any CPU.Build.0 = Release|Any CPU
	EndGlobalSection
	GlobalSection(SolutionProperties) = preSolution
		HideSolutionNode = FALSE
	EndGlobalSection
	GlobalSection(ExtensibilityGlobals) = postSolution
		SolutionGuid = {CAD0EEF2-1CDA-4E81-946E-3A24362CFC24}
	EndGlobalSection
EndGlobal
